
Microsoft Visual Studio Solution File, Format Version 12.00
# Visual Studio Version 16
VisualStudioVersion = 16.0.30114.105
MinimumVisualStudioVersion = 10.0.40219.1
Project("{9A19103F-16F7-4668-BE54-9A1E7A4F7556}") = "ProPlanterAlexaSkill", "ProPlanterAlexaSkill.csproj", "{AFCD761C-4A5C-47F6-925E-F9258E02F102}"
EndProject
Global
	GlobalSection(SolutionConfigurationPlatforms) = preSolution
		Debug|Any CPU = Debug|Any CPU
		Release|Any CPU = Release|Any CPU
	EndGlobalSection
	GlobalSection(ProjectConfigurationPlatforms) = postSolution
		{AFCD761C-4A5C-47F6-925E-F9258E02F102}.Debug|Any CPU.ActiveCfg = Debug|Any CPU
		{AFCD761C-4A5C-47F6-925E-F9258E02F102}.Debug|Any CPU.Build.0 = Debug|Any CPU
		{AFCD761C-4A5C-47F6-925E-F9258E02F102}.Release|Any CPU.ActiveCfg = Release|Any CPU
		{AFCD761C-4A5C-47F6-925E-F9258E02F102}.Release|Any CPU.Build.0 = Release|Any CPU
	EndGlobalSection
	GlobalSection(SolutionProperties) = preSolution
		HideSolutionNode = FALSE
	EndGlobalSection
	GlobalSection(ExtensibilityGlobals) = postSolution
		SolutionGuid = {8D3DA603-D5A1-4E3A-B915-571CAB63222C}
	EndGlobalSection
EndGlobal
